// !$*UTF8*$!
{
	archiveVersion = 1;
	classes = {
	};
	objectVersion = 46;
	objects = {

/* Begin PBXBuildFile section */
		528F298615F1CB1B00D0113F /* UIKit.framework in Frameworks */ = {isa = PBXBuildFile; fileRef = 528F298515F1CB1B00D0113F /* UIKit.framework */; };
		528F298815F1CB1B00D0113F /* Foundation.framework in Frameworks */ = {isa = PBXBuildFile; fileRef = 528F298715F1CB1B00D0113F /* Foundation.framework */; };
		528F298A15F1CB1B00D0113F /* CoreGraphics.framework in Frameworks */ = {isa = PBXBuildFile; fileRef = 528F298915F1CB1B00D0113F /* CoreGraphics.framework */; };
		528F299015F1CB1B00D0113F /* InfoPlist.strings in Resources */ = {isa = PBXBuildFile; fileRef = 528F298E15F1CB1B00D0113F /* InfoPlist.strings */; };
		528F299215F1CB1B00D0113F /* main.m in Sources */ = {isa = PBXBuildFile; fileRef = 528F299115F1CB1B00D0113F /* main.m */; };
		528F299615F1CB1B00D0113F /* AppDelegate.m in Sources */ = {isa = PBXBuildFile; fileRef = 528F299515F1CB1B00D0113F /* AppDelegate.m */; };
		528F299915F1CB1B00D0113F /* MainStoryboard.storyboard in Resources */ = {isa = PBXBuildFile; fileRef = 528F299715F1CB1B00D0113F /* MainStoryboard.storyboard */; };
		528F299C15F1CB1B00D0113F /* ViewController.m in Sources */ = {isa = PBXBuildFile; fileRef = 528F299B15F1CB1B00D0113F /* ViewController.m */; };
/* End PBXBuildFile section */

/* Begin PBXFileReference section */
		528F298115F1CB1B00D0113F /* 313_testGitHubXcode.app */ = {isa = PBXFileReference; explicitFileType = wrapper.application; includeInIndex = 0; path = 313_testGitHubXcode.app; sourceTree = BUILT_PRODUCTS_DIR; };
		528F298515F1CB1B00D0113F /* UIKit.framework */ = {isa = PBXFileReference; lastKnownFileType = wrapper.framework; name = UIKit.framework; path = System/Library/Frameworks/UIKit.framework; sourceTree = SDKROOT; };
		528F298715F1CB1B00D0113F /* Foundation.framework */ = {isa = PBXFileReference; lastKnownFileType = wrapper.framework; name = Foundation.framework; path = System/Library/Frameworks/Foundation.framework; sourceTree = SDKROOT; };
		528F298915F1CB1B00D0113F /* CoreGraphics.framework */ = {isa = PBXFileReference; lastKnownFileType = wrapper.framework; name = CoreGraphics.framework; path = System/Library/Frameworks/CoreGraphics.framework; sourceTree = SDKROOT; };
		528F298D15F1CB1B00D0113F /* 313_testGitHubXcode-Info.plist */ = {isa = PBXFileReference; lastKnownFileType = text.plist.xml; path = "313_testGitHubXcode-Info.plist"; sourceTree = "<group>"; };
		528F298F15F1CB1B00D0113F /* en */ = {isa = PBXFileReference; lastKnownFileType = text.plist.strings; name = en; path = en.lproj/InfoPlist.strings; sourceTree = "<group>"; };
		528F299115F1CB1B00D0113F /* main.m */ = {isa = PBXFileReference; lastKnownFileType = sourcecode.c.objc; path = main.m; sourceTree = "<group>"; };
		528F299315F1CB1B00D0113F /* 313_testGitHubXcode-Prefix.pch */ = {isa = PBXFileReference; lastKnownFileType = sourcecode.c.h; path = "313_testGitHubXcode-Prefix.pch"; sourceTree = "<group>"; };
		528F299415F1CB1B00D0113F /* AppDelegate.h */ = {isa = PBXFileReference; lastKnownFileType = sourcecode.c.h; path = AppDelegate.h; sourceTree = "<group>"; };
		528F299515F1CB1B00D0113F /* AppDelegate.m */ = {isa = PBXFileReference; lastKnownFileType = sourcecode.c.objc; path = AppDelegate.m; sourceTree = "<group>"; };
		528F299815F1CB1B00D0113F /* en */ = {isa = PBXFileReference; lastKnownFileType = file.storyboard; name = en; path = en.lproj/MainStoryboard.storyboard; sourceTree = "<group>"; };
		528F299A15F1CB1B00D0113F /* ViewController.h */ = {isa = PBXFileReference; lastKnownFileType = sourcecode.c.h; path = ViewController.h; sourceTree = "<group>"; };
		528F299B15F1CB1B00D0113F /* ViewController.m */ = {isa = PBXFileReference; lastKnownFileType = sourcecode.c.objc; path = ViewController.m; sourceTree = "<group>"; };
/* End PBXFileReference section */

/* Begin PBXFrameworksBuildPhase section */
		528F297E15F1CB1A00D0113F /* Frameworks */ = {
			isa = PBXFrameworksBuildPhase;
			buildActionMask = 2147483647;
			files = (
				528F298615F1CB1B00D0113F /* UIKit.framework in Frameworks */,
				528F298815F1CB1B00D0113F /* Foundation.framework in Frameworks */,
				528F298A15F1CB1B00D0113F /* CoreGraphics.framework in Frameworks */,
			);
			runOnlyForDeploymentPostprocessing = 0;
		};
/* End PBXFrameworksBuildPhase section */

/* Begin PBXGroup section */
		528F297615F1CB1A00D0113F = {
			isa = PBXGroup;
			children = (
				528F298B15F1CB1B00D0113F /* 313_testGitHubXcode */,
				528F298415F1CB1B00D0113F /* Frameworks */,
				528F298215F1CB1B00D0113F /* Products */,
			);
			sourceTree = "<group>";
		};
		528F298215F1CB1B00D0113F /* Products */ = {
			isa = PBXGroup;
			children = (
				528F298115F1CB1B00D0113F /* 313_testGitHubXcode.app */,
			);
			name = Products;
			sourceTree = "<group>";
		};
		528F298415F1CB1B00D0113F /* Frameworks */ = {
			isa = PBXGroup;
			children = (
				528F298515F1CB1B00D0113F /* UIKit.framework */,
				528F298715F1CB1B00D0113F /* Foundation.framework */,
				528F298915F1CB1B00D0113F /* CoreGraphics.framework */,
			);
			name = Frameworks;
			sourceTree = "<group>";
		};
		528F298B15F1CB1B00D0113F /* 313_testGitHubXcode */ = {
			isa = PBXGroup;
			children = (
				528F299415F1CB1B00D0113F /* AppDelegate.h */,
				528F299515F1CB1B00D0113F /* AppDelegate.m */,
				528F299715F1CB1B00D0113F /* MainStoryboard.storyboard */,
				528F299A15F1CB1B00D0113F /* ViewController.h */,
				528F299B15F1CB1B00D0113F /* ViewController.m */,
				528F298C15F1CB1B00D0113F /* Supporting Files */,
			);
			path = 313_testGitHubXcode;
			sourceTree = "<group>";
		};
		528F298C15F1CB1B00D0113F /* Supporting Files */ = {
			isa = PBXGroup;
			children = (
				528F298D15F1CB1B00D0113F /* 313_testGitHubXcode-Info.plist */,
				528F298E15F1CB1B00D0113F /* InfoPlist.strings */,
				528F299115F1CB1B00D0113F /* main.m */,
				528F299315F1CB1B00D0113F /* 313_testGitHubXcode-Prefix.pch */,
			);
			name = "Supporting Files";
			sourceTree = "<group>";
		};
/* End PBXGroup section */

/* Begin PBXNativeTarget section */
		528F298015F1CB1A00D0113F /* 313_testGitHubXcode */ = {
			isa = PBXNativeTarget;
			buildConfigurationList = 528F299F15F1CB1B00D0113F /* Build configuration list for PBXNativeTarget "313_testGitHubXcode" */;
			buildPhases = (
				528F297D15F1CB1A00D0113F /* Sources */,
				528F297E15F1CB1A00D0113F /* Frameworks */,
				528F297F15F1CB1A00D0113F /* Resources */,
			);
			buildRules = (
			);
			dependencies = (
			);
			name = 313_testGitHubXcode;
			productName = 313_testGitHubXcode;
			productReference = 528F298115F1CB1B00D0113F /* 313_testGitHubXcode.app */;
			productType = "com.apple.product-type.application";
		};
/* End PBXNativeTarget section */

/* Begin PBXProject section */
		528F297815F1CB1A00D0113F /* Project object */ = {
			isa = PBXProject;
			attributes = {
				LastUpgradeCheck = 0430;
				ORGANIZATIONNAME = "nattachatp@gmail.com";
			};
			buildConfigurationList = 528F297B15F1CB1A00D0113F /* Build configuration list for PBXProject "313_testGitHubXcode" */;
			compatibilityVersion = "Xcode 3.2";
			developmentRegion = English;
			hasScannedForEncodings = 0;
			knownRegions = (
				en,
			);
			mainGroup = 528F297615F1CB1A00D0113F;
			productRefGroup = 528F298215F1CB1B00D0113F /* Products */;
			projectDirPath = "";
			projectRoot = "";
			targets = (
				528F298015F1CB1A00D0113F /* 313_testGitHubXcode */,
			);
		};
/* End PBXProject section */

/* Begin PBXResourcesBuildPhase section */
		528F297F15F1CB1A00D0113F /* Resources */ = {
			isa = PBXResourcesBuildPhase;
			buildActionMask = 2147483647;
			files = (
				528F299015F1CB1B00D0113F /* InfoPlist.strings in Resources */,
				528F299915F1CB1B00D0113F /* MainStoryboard.storyboard in Resources */,
			);
			runOnlyForDeploymentPostprocessing = 0;
		};
/* End PBXResourcesBuildPhase section */

/* Begin PBXSourcesBuildPhase section */
		528F297D15F1CB1A00D0113F /* Sources */ = {
			isa = PBXSourcesBuildPhase;
			buildActionMask = 2147483647;
			files = (
				528F299215F1CB1B00D0113F /* main.m in Sources */,
				528F299615F1CB1B00D0113F /* AppDelegate.m in Sources */,
				528F299C15F1CB1B00D0113F /* ViewController.m in Sources */,
			);
			runOnlyForDeploymentPostprocessing = 0;
		};
/* End PBXSourcesBuildPhase section */

/* Begin PBXVariantGroup section */
		528F298E15F1CB1B00D0113F /* InfoPlist.strings */ = {
			isa = PBXVariantGroup;
			children = (
				528F298F15F1CB1B00D0113F /* en */,
			);
			name = InfoPlist.strings;
			sourceTree = "<group>";
		};
		528F299715F1CB1B00D0113F /* MainStoryboard.storyboard */ = {
			isa = PBXVariantGroup;
			children = (
				528F299815F1CB1B00D0113F /* en */,
			);
			name = MainStoryboard.storyboard;
			sourceTree = "<group>";
		};
/* End PBXVariantGroup section */

/* Begin XCBuildConfiguration section */
		528F299D15F1CB1B00D0113F /* Debug */ = {
			isa = XCBuildConfiguration;
			buildSettings = {
				ALWAYS_SEARCH_USER_PATHS = NO;
				ARCHS = "$(ARCHS_STANDARD_32_BIT)";
				CLANG_ENABLE_OBJC_ARC = YES;
				"CODE_SIGN_IDENTITY[sdk=iphoneos*]" = "iPhone Developer";
				COPY_PHASE_STRIP = NO;
				GCC_C_LANGUAGE_STANDARD = gnu99;
				GCC_DYNAMIC_NO_PIC = NO;
				GCC_OPTIMIZATION_LEVEL = 0;
				GCC_PREPROCESSOR_DEFINITIONS = (
					"DEBUG=1",
					"$(inherited)",
				);
				GCC_SYMBOLS_PRIVATE_EXTERN = NO;
				GCC_VERSION = com.apple.compilers.llvm.clang.1_0;
				GCC_WARN_ABOUT_RETURN_TYPE = YES;
				GCC_WARN_UNINITIALIZED_AUTOS = YES;
				GCC_WARN_UNUSED_VARIABLE = YES;
				IPHONEOS_DEPLOYMENT_TARGET = 5.1;
				SDKROOT = iphoneos;
			};
			name = Debug;
		};
		528F299E15F1CB1B00D0113F /* Release */ = {
			isa = XCBuildConfiguration;
			buildSettings = {
				ALWAYS_SEARCH_USER_PATHS = NO;
				ARCHS = "$(ARCHS_STANDARD_32_BIT)";
				CLANG_ENABLE_OBJC_ARC = YES;
				"CODE_SIGN_IDENTITY[sdk=iphoneos*]" = "iPhone Developer";
				COPY_PHASE_STRIP = YES;
				GCC_C_LANGUAGE_STANDARD = gnu99;
				GCC_VERSION = com.apple.compilers.llvm.clang.1_0;
				GCC_WARN_ABOUT_RETURN_TYPE = YES;
				GCC_WARN_UNINITIALIZED_AUTOS = YES;
				GCC_WARN_UNUSED_VARIABLE = YES;
				IPHONEOS_DEPLOYMENT_TARGET = 5.1;
				OTHER_CFLAGS = "-DNS_BLOCK_ASSERTIONS=1";
				SDKROOT = iphoneos;
				VALIDATE_PRODUCT = YES;
			};
			name = Release;
		};
		528F29A015F1CB1B00D0113F /* Debug */ = {
			isa = XCBuildConfiguration;
			buildSettings = {
				GCC_PRECOMPILE_PREFIX_HEADER = YES;
				GCC_PREFIX_HEADER = "313_testGitHubXcode/313_testGitHubXcode-Prefix.pch";
				INFOPLIST_FILE = "313_testGitHubXcode/313_testGitHubXcode-Info.plist";
				PRODUCT_NAME = "$(TARGET_NAME)";
				WRAPPER_EXTENSION = app;
			};
			name = Debug;
		};
		528F29A115F1CB1B00D0113F /* Release */ = {
			isa = XCBuildConfiguration;
			buildSettings = {
				GCC_PRECOMPILE_PREFIX_HEADER = YES;
				GCC_PREFIX_HEADER = "313_testGitHubXcode/313_testGitHubXcode-Prefix.pch";
				INFOPLIST_FILE = "313_testGitHubXcode/313_testGitHubXcode-Info.plist";
				PRODUCT_NAME = "$(TARGET_NAME)";
				WRAPPER_EXTENSION = app;
			};
			name = Release;
		};
/* End XCBuildConfiguration section */

/* Begin XCConfigurationList section */
		528F297B15F1CB1A00D0113F /* Build configuration list for PBXProject "313_testGitHubXcode" */ = {
			isa = XCConfigurationList;
			buildConfigurations = (
				528F299D15F1CB1B00D0113F /* Debug */,
				528F299E15F1CB1B00D0113F /* Release */,
			);
			defaultConfigurationIsVisible = 0;
			defaultConfigurationName = Release;
		};
		528F299F15F1CB1B00D0113F /* Build configuration list for PBXNativeTarget "313_testGitHubXcode" */ = {
			isa = XCConfigurationList;
			buildConfigurations = (
				528F29A015F1CB1B00D0113F /* Debug */,
				528F29A115F1CB1B00D0113F /* Release */,
			);
			defaultConfigurationIsVisible = 0;
		};
/* End XCConfigurationList section */
	};
	rootObject = 528F297815F1CB1A00D0113F /* Project object */;
}
